
Microsoft Visual Studio Solution File, Format Version 12.00
# Visual Studio Version 17
VisualStudioVersion = 17.6.33829.357
MinimumVisualStudioVersion = 10.0.40219.1
Project("{FAE04EC0-301F-11D3-BF4B-00C04F79EFBC}") = "# Tutorial 2 Q4", "# Tutorial 2 Q4.csproj", "{A92FABE9-D656-4BF8-B323-FFB0B4675DBD}"
EndProject
Global
	GlobalSection(SolutionConfigurationPlatforms) = preSolution
		Debug|Any CPU = Debug|Any CPU
		Release|Any CPU = Release|Any CPU
	EndGlobalSection
	GlobalSection(ProjectConfigurationPlatforms) = postSolution
		{A92FABE9-D656-4BF8-B323-FFB0B4675DBD}.Debug|Any CPU.ActiveCfg = Debug|Any CPU
		{A92FABE9-D656-4BF8-B323-FFB0B4675DBD}.Debug|Any CPU.Build.0 = Debug|Any CPU
		{A92FABE9-D656-4BF8-B323-FFB0B4675DBD}.Release|Any CPU.ActiveCfg = Release|Any CPU
		{A92FABE9-D656-4BF8-B323-FFB0B4675DBD}.Release|Any CPU.Build.0 = Release|Any CPU
	EndGlobalSection
	GlobalSection(SolutionProperties) = preSolution
		HideSolutionNode = FALSE
	EndGlobalSection
	GlobalSection(ExtensibilityGlobals) = postSolution
		SolutionGuid = {30D65283-EC05-4C58-A86A-400C957281B4}
	EndGlobalSection
EndGlobal
