
Microsoft Visual Studio Solution File, Format Version 12.00
# Visual Studio Version 17
VisualStudioVersion = 17.6.33829.357
MinimumVisualStudioVersion = 10.0.40219.1
Project("{FAE04EC0-301F-11D3-BF4B-00C04F79EFBC}") = "# Tutorial 3 Q1", "# Tutorial 3 Q1.csproj", "{D9FEF6B3-96EB-4D9B-B49F-D09C7B0F7091}"
EndProject
Global
	GlobalSection(SolutionConfigurationPlatforms) = preSolution
		Debug|Any CPU = Debug|Any CPU
		Release|Any CPU = Release|Any CPU
	EndGlobalSection
	GlobalSection(ProjectConfigurationPlatforms) = postSolution
		{D9FEF6B3-96EB-4D9B-B49F-D09C7B0F7091}.Debug|Any CPU.ActiveCfg = Debug|Any CPU
		{D9FEF6B3-96EB-4D9B-B49F-D09C7B0F7091}.Debug|Any CPU.Build.0 = Debug|Any CPU
		{D9FEF6B3-96EB-4D9B-B49F-D09C7B0F7091}.Release|Any CPU.ActiveCfg = Release|Any CPU
		{D9FEF6B3-96EB-4D9B-B49F-D09C7B0F7091}.Release|Any CPU.Build.0 = Release|Any CPU
	EndGlobalSection
	GlobalSection(SolutionProperties) = preSolution
		HideSolutionNode = FALSE
	EndGlobalSection
	GlobalSection(ExtensibilityGlobals) = postSolution
		SolutionGuid = {A96C3A5D-3BE9-4DBC-BA5F-F7AA6023B923}
	EndGlobalSection
EndGlobal
