
Microsoft Visual Studio Solution File, Format Version 12.00
# Visual Studio Version 17
VisualStudioVersion = 17.6.33829.357
MinimumVisualStudioVersion = 10.0.40219.1
Project("{FAE04EC0-301F-11D3-BF4B-00C04F79EFBC}") = "# Tutorial 2 Q3", "# Tutorial 2 Q3.csproj", "{0E206C7B-A549-40E5-ABF3-0C9F71BFC0AD}"
EndProject
Global
	GlobalSection(SolutionConfigurationPlatforms) = preSolution
		Debug|Any CPU = Debug|Any CPU
		Release|Any CPU = Release|Any CPU
	EndGlobalSection
	GlobalSection(ProjectConfigurationPlatforms) = postSolution
		{0E206C7B-A549-40E5-ABF3-0C9F71BFC0AD}.Debug|Any CPU.ActiveCfg = Debug|Any CPU
		{0E206C7B-A549-40E5-ABF3-0C9F71BFC0AD}.Debug|Any CPU.Build.0 = Debug|Any CPU
		{0E206C7B-A549-40E5-ABF3-0C9F71BFC0AD}.Release|Any CPU.ActiveCfg = Release|Any CPU
		{0E206C7B-A549-40E5-ABF3-0C9F71BFC0AD}.Release|Any CPU.Build.0 = Release|Any CPU
	EndGlobalSection
	GlobalSection(SolutionProperties) = preSolution
		HideSolutionNode = FALSE
	EndGlobalSection
	GlobalSection(ExtensibilityGlobals) = postSolution
		SolutionGuid = {F0347E17-E513-48B3-AE06-F839B83DEB0B}
	EndGlobalSection
EndGlobal
