
Microsoft Visual Studio Solution File, Format Version 12.00
# Visual Studio Version 17
VisualStudioVersion = 17.6.33829.357
MinimumVisualStudioVersion = 10.0.40219.1
Project("{FAE04EC0-301F-11D3-BF4B-00C04F79EFBC}") = "# Tutorial 4 Q1", "# Tutorial 4 Q1.csproj", "{AD6CAE3E-29BD-4BB0-9326-7F76E17E0FAF}"
EndProject
Global
	GlobalSection(SolutionConfigurationPlatforms) = preSolution
		Debug|Any CPU = Debug|Any CPU
		Release|Any CPU = Release|Any CPU
	EndGlobalSection
	GlobalSection(ProjectConfigurationPlatforms) = postSolution
		{AD6CAE3E-29BD-4BB0-9326-7F76E17E0FAF}.Debug|Any CPU.ActiveCfg = Debug|Any CPU
		{AD6CAE3E-29BD-4BB0-9326-7F76E17E0FAF}.Debug|Any CPU.Build.0 = Debug|Any CPU
		{AD6CAE3E-29BD-4BB0-9326-7F76E17E0FAF}.Release|Any CPU.ActiveCfg = Release|Any CPU
		{AD6CAE3E-29BD-4BB0-9326-7F76E17E0FAF}.Release|Any CPU.Build.0 = Release|Any CPU
	EndGlobalSection
	GlobalSection(SolutionProperties) = preSolution
		HideSolutionNode = FALSE
	EndGlobalSection
	GlobalSection(ExtensibilityGlobals) = postSolution
		SolutionGuid = {7CA9BE1A-6F8D-45D4-80FB-36DEA1764DC4}
	EndGlobalSection
EndGlobal
