
Microsoft Visual Studio Solution File, Format Version 12.00
# Visual Studio Version 17
VisualStudioVersion = 17.6.33829.357
MinimumVisualStudioVersion = 10.0.40219.1
Project("{FAE04EC0-301F-11D3-BF4B-00C04F79EFBC}") = "# Tutorial 1 Q4", "# Tutorial 1 Q4.csproj", "{470590FB-B8BA-43D8-B65D-B5816BA47F4B}"
EndProject
Global
	GlobalSection(SolutionConfigurationPlatforms) = preSolution
		Debug|Any CPU = Debug|Any CPU
		Release|Any CPU = Release|Any CPU
	EndGlobalSection
	GlobalSection(ProjectConfigurationPlatforms) = postSolution
		{470590FB-B8BA-43D8-B65D-B5816BA47F4B}.Debug|Any CPU.ActiveCfg = Debug|Any CPU
		{470590FB-B8BA-43D8-B65D-B5816BA47F4B}.Debug|Any CPU.Build.0 = Debug|Any CPU
		{470590FB-B8BA-43D8-B65D-B5816BA47F4B}.Release|Any CPU.ActiveCfg = Release|Any CPU
		{470590FB-B8BA-43D8-B65D-B5816BA47F4B}.Release|Any CPU.Build.0 = Release|Any CPU
	EndGlobalSection
	GlobalSection(SolutionProperties) = preSolution
		HideSolutionNode = FALSE
	EndGlobalSection
	GlobalSection(ExtensibilityGlobals) = postSolution
		SolutionGuid = {187A2381-5605-40AC-8D26-E25B241120F4}
	EndGlobalSection
EndGlobal
